// !$*UTF8*$!
{
	archiveVersion = 1;
	classes = {
	};
	objectVersion = 46;
	objects = {

/* Begin PBXBuildFile section */
		B623CB2D1E10E0B600AFB2BE /* 20160518014050849623.jpg in Resources */ = {isa = PBXBuildFile; fileRef = B623CB281E10E0B600AFB2BE /* 20160518014050849623.jpg */; };
		B623CB2E1E10E0B600AFB2BE /* 20160520033826715497.jpg in Resources */ = {isa = PBXBuildFile; fileRef = B623CB291E10E0B600AFB2BE /* 20160520033826715497.jpg */; };
		B623CB2F1E10E0B600AFB2BE /* 20160520033826715638.jpg in Resources */ = {isa = PBXBuildFile; fileRef = B623CB2A1E10E0B600AFB2BE /* 20160520033826715638.jpg */; };
		B623CB301E10E0B600AFB2BE /* zuozi.mtl in Resources */ = {isa = PBXBuildFile; fileRef = B623CB2B1E10E0B600AFB2BE /* zuozi.mtl */; };
		B623CB311E10E0B600AFB2BE /* zuozi.obj in Resources */ = {isa = PBXBuildFile; fileRef = B623CB2C1E10E0B600AFB2BE /* zuozi.obj */; };
		B668D5DD1E0A19AD009E808A /* objload.cpp in Sources */ = {isa = PBXBuildFile; fileRef = B668D5DC1E0A19AD009E808A /* objload.cpp */; };
		B68451F81E0947C300345633 /* ShowViewController.mm in Sources */ = {isa = PBXBuildFile; fileRef = B68451F61E0947C300345633 /* ShowViewController.mm */; };
		B6A209BF1E091A6F00E388E7 /* main.m in Sources */ = {isa = PBXBuildFile; fileRef = B6A209BE1E091A6F00E388E7 /* main.m */; };
		B6A209C21E091A6F00E388E7 /* AppDelegate.m in Sources */ = {isa = PBXBuildFile; fileRef = B6A209C11E091A6F00E388E7 /* AppDelegate.m */; };
		B6A209CA1E091A6F00E388E7 /* Assets.xcassets in Resources */ = {isa = PBXBuildFile; fileRef = B6A209C91E091A6F00E388E7 /* Assets.xcassets */; };
		B6A209DC1E091CA300E388E7 /* Show.storyboard in Resources */ = {isa = PBXBuildFile; fileRef = B6A209DB1E091CA300E388E7 /* Show.storyboard */; };
		B6A209E41E0940F400E388E7 /* Shader.m in Sources */ = {isa = PBXBuildFile; fileRef = B6A209DF1E0940F400E388E7 /* Shader.m */; };
		B6A209E51E0940F400E388E7 /* PhongShader.m in Sources */ = {isa = PBXBuildFile; fileRef = B6A209E01E0940F400E388E7 /* PhongShader.m */; };
		B6A209E61E0940F400E388E7 /* Phong.fsh in Resources */ = {isa = PBXBuildFile; fileRef = B6A209E21E0940F400E388E7 /* Phong.fsh */; };
		B6A209E71E0940F400E388E7 /* Phong.vsh in Resources */ = {isa = PBXBuildFile; fileRef = B6A209E31E0940F400E388E7 /* Phong.vsh */; };
/* End PBXBuildFile section */

/* Begin PBXFileReference section */
		B623CB281E10E0B600AFB2BE /* 20160518014050849623.jpg */ = {isa = PBXFileReference; lastKnownFileType = image.jpeg; name = 20160518014050849623.jpg; path = Resources/zuozi/20160518014050849623.jpg; sourceTree = "<group>"; };
		B623CB291E10E0B600AFB2BE /* 20160520033826715497.jpg */ = {isa = PBXFileReference; lastKnownFileType = image.jpeg; name = 20160520033826715497.jpg; path = Resources/zuozi/20160520033826715497.jpg; sourceTree = "<group>"; };
		B623CB2A1E10E0B600AFB2BE /* 20160520033826715638.jpg */ = {isa = PBXFileReference; lastKnownFileType = image.jpeg; name = 20160520033826715638.jpg; path = Resources/zuozi/20160520033826715638.jpg; sourceTree = "<group>"; };
		B623CB2B1E10E0B600AFB2BE /* zuozi.mtl */ = {isa = PBXFileReference; fileEncoding = 4; lastKnownFileType = text; name = zuozi.mtl; path = Resources/zuozi/zuozi.mtl; sourceTree = "<group>"; };
		B623CB2C1E10E0B600AFB2BE /* zuozi.obj */ = {isa = PBXFileReference; fileEncoding = 4; lastKnownFileType = text; name = zuozi.obj; path = Resources/zuozi/zuozi.obj; sourceTree = "<group>"; };
		B668D5DC1E0A19AD009E808A /* objload.cpp */ = {isa = PBXFileReference; fileEncoding = 4; lastKnownFileType = sourcecode.cpp.cpp; name = objload.cpp; path = objload/objload.cpp; sourceTree = "<group>"; };
		B668D5DF1E0A1AAE009E808A /* objload.h */ = {isa = PBXFileReference; fileEncoding = 4; lastKnownFileType = sourcecode.c.h; name = objload.h; path = objload/objload.h; sourceTree = "<group>"; };
		B68451F61E0947C300345633 /* ShowViewController.mm */ = {isa = PBXFileReference; fileEncoding = 4; lastKnownFileType = sourcecode.cpp.objcpp; path = ShowViewController.mm; sourceTree = "<group>"; };
		B68451F71E0947C300345633 /* ShowViewController.h */ = {isa = PBXFileReference; fileEncoding = 4; lastKnownFileType = sourcecode.c.h; path = ShowViewController.h; sourceTree = "<group>"; };
		B6A209BA1E091A6F00E388E7 /* showobj.app */ = {isa = PBXFileReference; explicitFileType = wrapper.application; includeInIndex = 0; path = showobj.app; sourceTree = BUILT_PRODUCTS_DIR; };
		B6A209BE1E091A6F00E388E7 /* main.m */ = {isa = PBXFileReference; lastKnownFileType = sourcecode.c.objc; path = main.m; sourceTree = "<group>"; };
		B6A209C01E091A6F00E388E7 /* AppDelegate.h */ = {isa = PBXFileReference; lastKnownFileType = sourcecode.c.h; path = AppDelegate.h; sourceTree = "<group>"; };
		B6A209C11E091A6F00E388E7 /* AppDelegate.m */ = {isa = PBXFileReference; lastKnownFileType = sourcecode.c.objc; path = AppDelegate.m; sourceTree = "<group>"; };
		B6A209C91E091A6F00E388E7 /* Assets.xcassets */ = {isa = PBXFileReference; lastKnownFileType = folder.assetcatalog; path = Assets.xcassets; sourceTree = "<group>"; };
		B6A209CE1E091A6F00E388E7 /* Info.plist */ = {isa = PBXFileReference; lastKnownFileType = text.plist.xml; path = Info.plist; sourceTree = "<group>"; };
		B6A209DB1E091CA300E388E7 /* Show.storyboard */ = {isa = PBXFileReference; fileEncoding = 4; lastKnownFileType = file.storyboard; path = Show.storyboard; sourceTree = "<group>"; };
		B6A209DE1E0940F400E388E7 /* Shader.h */ = {isa = PBXFileReference; fileEncoding = 4; lastKnownFileType = sourcecode.c.h; name = Shader.h; path = Shader/Shader.h; sourceTree = "<group>"; };
		B6A209DF1E0940F400E388E7 /* Shader.m */ = {isa = PBXFileReference; fileEncoding = 4; lastKnownFileType = sourcecode.c.objc; name = Shader.m; path = Shader/Shader.m; sourceTree = "<group>"; };
		B6A209E01E0940F400E388E7 /* PhongShader.m */ = {isa = PBXFileReference; fileEncoding = 4; lastKnownFileType = sourcecode.c.objc; name = PhongShader.m; path = Shader/PhongShader.m; sourceTree = "<group>"; };
		B6A209E11E0940F400E388E7 /* PhongShader.h */ = {isa = PBXFileReference; fileEncoding = 4; lastKnownFileType = sourcecode.c.h; name = PhongShader.h; path = Shader/PhongShader.h; sourceTree = "<group>"; };
		B6A209E21E0940F400E388E7 /* Phong.fsh */ = {isa = PBXFileReference; fileEncoding = 4; lastKnownFileType = sourcecode.glsl; name = Phong.fsh; path = Shader/Phong.fsh; sourceTree = "<group>"; };
		B6A209E31E0940F400E388E7 /* Phong.vsh */ = {isa = PBXFileReference; fileEncoding = 4; lastKnownFileType = sourcecode.glsl; name = Phong.vsh; path = Shader/Phong.vsh; sourceTree = "<group>"; };
/* End PBXFileReference section */

/* Begin PBXFrameworksBuildPhase section */
		B6A209B71E091A6F00E388E7 /* Frameworks */ = {
			isa = PBXFrameworksBuildPhase;
			buildActionMask = 2147483647;
			files = (
			);
			runOnlyForDeploymentPostprocessing = 0;
		};
/* End PBXFrameworksBuildPhase section */

/* Begin PBXGroup section */
		B623CB241E10E09B00AFB2BE /* zuozi */ = {
			isa = PBXGroup;
			children = (
				B623CB281E10E0B600AFB2BE /* 20160518014050849623.jpg */,
				B623CB291E10E0B600AFB2BE /* 20160520033826715497.jpg */,
				B623CB2A1E10E0B600AFB2BE /* 20160520033826715638.jpg */,
				B623CB2B1E10E0B600AFB2BE /* zuozi.mtl */,
				B623CB2C1E10E0B600AFB2BE /* zuozi.obj */,
			);
			name = zuozi;
			sourceTree = "<group>";
		};
		B668D5DB1E0A1936009E808A /* objload */ = {
			isa = PBXGroup;
			children = (
				B668D5DF1E0A1AAE009E808A /* objload.h */,
				B668D5DC1E0A19AD009E808A /* objload.cpp */,
			);
			name = objload;
			sourceTree = "<group>";
		};
		B6A209B11E091A6F00E388E7 = {
			isa = PBXGroup;
			children = (
				B6A209BC1E091A6F00E388E7 /* showobj */,
				B6A209BB1E091A6F00E388E7 /* Products */,
			);
			sourceTree = "<group>";
		};
		B6A209BB1E091A6F00E388E7 /* Products */ = {
			isa = PBXGroup;
			children = (
				B6A209BA1E091A6F00E388E7 /* showobj.app */,
			);
			name = Products;
			sourceTree = "<group>";
		};
		B6A209BC1E091A6F00E388E7 /* showobj */ = {
			isa = PBXGroup;
			children = (
				B668D5DB1E0A1936009E808A /* objload */,
				B68451F61E0947C300345633 /* ShowViewController.mm */,
				B68451F71E0947C300345633 /* ShowViewController.h */,
				B6A209E81E09410500E388E7 /* Resource */,
				B6A209DD1E0940E600E388E7 /* Shader */,
				B6A209C01E091A6F00E388E7 /* AppDelegate.h */,
				B6A209C11E091A6F00E388E7 /* AppDelegate.m */,
				B6A209DB1E091CA300E388E7 /* Show.storyboard */,
				B6A209C91E091A6F00E388E7 /* Assets.xcassets */,
				B6A209CE1E091A6F00E388E7 /* Info.plist */,
				B6A209BD1E091A6F00E388E7 /* Supporting Files */,
			);
			path = showobj;
			sourceTree = "<group>";
		};
		B6A209BD1E091A6F00E388E7 /* Supporting Files */ = {
			isa = PBXGroup;
			children = (
				B6A209BE1E091A6F00E388E7 /* main.m */,
			);
			name = "Supporting Files";
			sourceTree = "<group>";
		};
		B6A209DD1E0940E600E388E7 /* Shader */ = {
			isa = PBXGroup;
			children = (
				B6A209DE1E0940F400E388E7 /* Shader.h */,
				B6A209DF1E0940F400E388E7 /* Shader.m */,
				B6A209E01E0940F400E388E7 /* PhongShader.m */,
				B6A209E11E0940F400E388E7 /* PhongShader.h */,
				B6A209E21E0940F400E388E7 /* Phong.fsh */,
				B6A209E31E0940F400E388E7 /* Phong.vsh */,
			);
			name = Shader;
			sourceTree = "<group>";
		};
		B6A209E81E09410500E388E7 /* Resource */ = {
			isa = PBXGroup;
			children = (
				B623CB241E10E09B00AFB2BE /* zuozi */,
			);
			name = Resource;
			sourceTree = "<group>";
		};
/* End PBXGroup section */

/* Begin PBXNativeTarget section */
		B6A209B91E091A6F00E388E7 /* showobj */ = {
			isa = PBXNativeTarget;
			buildConfigurationList = B6A209D11E091A6F00E388E7 /* Build configuration list for PBXNativeTarget "showobj" */;
			buildPhases = (
				B6A209B61E091A6F00E388E7 /* Sources */,
				B6A209B71E091A6F00E388E7 /* Frameworks */,
				B6A209B81E091A6F00E388E7 /* Resources */,
			);
			buildRules = (
			);
			dependencies = (
			);
			name = showobj;
			productName = showobj;
			productReference = B6A209BA1E091A6F00E388E7 /* showobj.app */;
			productType = "com.apple.product-type.application";
		};
/* End PBXNativeTarget section */

/* Begin PBXProject section */
		B6A209B21E091A6F00E388E7 /* Project object */ = {
			isa = PBXProject;
			attributes = {
				LastUpgradeCheck = 0810;
				ORGANIZATIONNAME = styleluo;
				TargetAttributes = {
					B6A209B91E091A6F00E388E7 = {
						CreatedOnToolsVersion = 8.1;
						DevelopmentTeam = 87GDWJRUQW;
						ProvisioningStyle = Automatic;
					};
				};
			};
			buildConfigurationList = B6A209B51E091A6F00E388E7 /* Build configuration list for PBXProject "showobj" */;
			compatibilityVersion = "Xcode 3.2";
			developmentRegion = English;
			hasScannedForEncodings = 0;
			knownRegions = (
				en,
				Base,
			);
			mainGroup = B6A209B11E091A6F00E388E7;
			productRefGroup = B6A209BB1E091A6F00E388E7 /* Products */;
			projectDirPath = "";
			projectRoot = "";
			targets = (
				B6A209B91E091A6F00E388E7 /* showobj */,
			);
		};
/* End PBXProject section */

/* Begin PBXResourcesBuildPhase section */
		B6A209B81E091A6F00E388E7 /* Resources */ = {
			isa = PBXResourcesBuildPhase;
			buildActionMask = 2147483647;
			files = (
				B6A209E71E0940F400E388E7 /* Phong.vsh in Resources */,
				B623CB2E1E10E0B600AFB2BE /* 20160520033826715497.jpg in Resources */,
				B623CB301E10E0B600AFB2BE /* zuozi.mtl in Resources */,
				B623CB311E10E0B600AFB2BE /* zuozi.obj in Resources */,
				B6A209E61E0940F400E388E7 /* Phong.fsh in Resources */,
				B623CB2D1E10E0B600AFB2BE /* 20160518014050849623.jpg in Resources */,
				B6A209CA1E091A6F00E388E7 /* Assets.xcassets in Resources */,
				B6A209DC1E091CA300E388E7 /* Show.storyboard in Resources */,
				B623CB2F1E10E0B600AFB2BE /* 20160520033826715638.jpg in Resources */,
			);
			runOnlyForDeploymentPostprocessing = 0;
		};
/* End PBXResourcesBuildPhase section */

/* Begin PBXSourcesBuildPhase section */
		B6A209B61E091A6F00E388E7 /* Sources */ = {
			isa = PBXSourcesBuildPhase;
			buildActionMask = 2147483647;
			files = (
				B6A209E51E0940F400E388E7 /* PhongShader.m in Sources */,
				B6A209C21E091A6F00E388E7 /* AppDelegate.m in Sources */,
				B68451F81E0947C300345633 /* ShowViewController.mm in Sources */,
				B6A209E41E0940F400E388E7 /* Shader.m in Sources */,
				B6A209BF1E091A6F00E388E7 /* main.m in Sources */,
				B668D5DD1E0A19AD009E808A /* objload.cpp in Sources */,
			);
			runOnlyForDeploymentPostprocessing = 0;
		};
/* End PBXSourcesBuildPhase section */

/* Begin XCBuildConfiguration section */
		B6A209CF1E091A6F00E388E7 /* Debug */ = {
			isa = XCBuildConfiguration;
			buildSettings = {
				ALWAYS_SEARCH_USER_PATHS = NO;
				CLANG_ANALYZER_NONNULL = YES;
				CLANG_CXX_LANGUAGE_STANDARD = "gnu++0x";
				CLANG_CXX_LIBRARY = "libc++";
				CLANG_ENABLE_MODULES = YES;
				CLANG_ENABLE_OBJC_ARC = YES;
				CLANG_WARN_BOOL_CONVERSION = YES;
				CLANG_WARN_CONSTANT_CONVERSION = YES;
				CLANG_WARN_DIRECT_OBJC_ISA_USAGE = YES_ERROR;
				CLANG_WARN_DOCUMENTATION_COMMENTS = YES;
				CLANG_WARN_EMPTY_BODY = YES;
				CLANG_WARN_ENUM_CONVERSION = YES;
				CLANG_WARN_INFINITE_RECURSION = YES;
				CLANG_WARN_INT_CONVERSION = YES;
				CLANG_WARN_OBJC_ROOT_CLASS = YES_ERROR;
				CLANG_WARN_SUSPICIOUS_MOVES = YES;
				CLANG_WARN_UNREACHABLE_CODE = YES;
				CLANG_WARN__DUPLICATE_METHOD_MATCH = YES;
				"CODE_SIGN_IDENTITY[sdk=iphoneos*]" = "iPhone Developer";
				COPY_PHASE_STRIP = NO;
				DEBUG_INFORMATION_FORMAT = dwarf;
				ENABLE_STRICT_OBJC_MSGSEND = YES;
				ENABLE_TESTABILITY = YES;
				GCC_C_LANGUAGE_STANDARD = gnu99;
				GCC_DYNAMIC_NO_PIC = NO;
				GCC_NO_COMMON_BLOCKS = YES;
				GCC_OPTIMIZATION_LEVEL = 0;
				GCC_PREPROCESSOR_DEFINITIONS = (
					"DEBUG=1",
					"$(inherited)",
				);
				GCC_WARN_64_TO_32_BIT_CONVERSION = YES;
				GCC_WARN_ABOUT_RETURN_TYPE = YES_ERROR;
				GCC_WARN_UNDECLARED_SELECTOR = YES;
				GCC_WARN_UNINITIALIZED_AUTOS = YES_AGGRESSIVE;
				GCC_WARN_UNUSED_FUNCTION = YES;
				GCC_WARN_UNUSED_VARIABLE = YES;
				IPHONEOS_DEPLOYMENT_TARGET = 10.1;
				MTL_ENABLE_DEBUG_INFO = YES;
				ONLY_ACTIVE_ARCH = YES;
				SDKROOT = iphoneos;
			};
			name = Debug;
		};
		B6A209D01E091A6F00E388E7 /* Release */ = {
			isa = XCBuildConfiguration;
			buildSettings = {
				ALWAYS_SEARCH_USER_PATHS = NO;
				CLANG_ANALYZER_NONNULL = YES;
				CLANG_CXX_LANGUAGE_STANDARD = "gnu++0x";
				CLANG_CXX_LIBRARY = "libc++";
				CLANG_ENABLE_MODULES = YES;
				CLANG_ENABLE_OBJC_ARC = YES;
				CLANG_WARN_BOOL_CONVERSION = YES;
				CLANG_WARN_CONSTANT_CONVERSION = YES;
				CLANG_WARN_DIRECT_OBJC_ISA_USAGE = YES_ERROR;
				CLANG_WARN_DOCUMENTATION_COMMENTS = YES;
				CLANG_WARN_EMPTY_BODY = YES;
				CLANG_WARN_ENUM_CONVERSION = YES;
				CLANG_WARN_INFINITE_RECURSION = YES;
				CLANG_WARN_INT_CONVERSION = YES;
				CLANG_WARN_OBJC_ROOT_CLASS = YES_ERROR;
				CLANG_WARN_SUSPICIOUS_MOVES = YES;
				CLANG_WARN_UNREACHABLE_CODE = YES;
				CLANG_WARN__DUPLICATE_METHOD_MATCH = YES;
				"CODE_SIGN_IDENTITY[sdk=iphoneos*]" = "iPhone Developer";
				COPY_PHASE_STRIP = NO;
				DEBUG_INFORMATION_FORMAT = "dwarf-with-dsym";
				ENABLE_NS_ASSERTIONS = NO;
				ENABLE_STRICT_OBJC_MSGSEND = YES;
				GCC_C_LANGUAGE_STANDARD = gnu99;
				GCC_NO_COMMON_BLOCKS = YES;
				GCC_WARN_64_TO_32_BIT_CONVERSION = YES;
				GCC_WARN_ABOUT_RETURN_TYPE = YES_ERROR;
				GCC_WARN_UNDECLARED_SELECTOR = YES;
				GCC_WARN_UNINITIALIZED_AUTOS = YES_AGGRESSIVE;
				GCC_WARN_UNUSED_FUNCTION = YES;
				GCC_WARN_UNUSED_VARIABLE = YES;
				IPHONEOS_DEPLOYMENT_TARGET = 10.1;
				MTL_ENABLE_DEBUG_INFO = NO;
				SDKROOT = iphoneos;
				VALIDATE_PRODUCT = YES;
			};
			name = Release;
		};
		B6A209D21E091A6F00E388E7 /* Debug */ = {
			isa = XCBuildConfiguration;
			buildSettings = {
				ASSETCATALOG_COMPILER_APPICON_NAME = AppIcon;
				"CODE_SIGN_IDENTITY[sdk=iphoneos*]" = "iPhone Developer";
				DEVELOPMENT_TEAM = 87GDWJRUQW;
				INFOPLIST_FILE = showobj/Info.plist;
				IPHONEOS_DEPLOYMENT_TARGET = 10.1;
				LD_RUNPATH_SEARCH_PATHS = "$(inherited) @executable_path/Frameworks";
				PRODUCT_BUNDLE_IDENTIFIER = com.qsqx.obj;
				PRODUCT_NAME = "$(TARGET_NAME)";
				TARGETED_DEVICE_FAMILY = 1;
			};
			name = Debug;
		};
		B6A209D31E091A6F00E388E7 /* Release */ = {
			isa = XCBuildConfiguration;
			buildSettings = {
				ASSETCATALOG_COMPILER_APPICON_NAME = AppIcon;
				"CODE_SIGN_IDENTITY[sdk=iphoneos*]" = "iPhone Developer";
				DEVELOPMENT_TEAM = 87GDWJRUQW;
				INFOPLIST_FILE = showobj/Info.plist;
				IPHONEOS_DEPLOYMENT_TARGET = 10.1;
				LD_RUNPATH_SEARCH_PATHS = "$(inherited) @executable_path/Frameworks";
				PRODUCT_BUNDLE_IDENTIFIER = com.qsqx.obj;
				PRODUCT_NAME = "$(TARGET_NAME)";
				TARGETED_DEVICE_FAMILY = 1;
			};
			name = Release;
		};
/* End XCBuildConfiguration section */

/* Begin XCConfigurationList section */
		B6A209B51E091A6F00E388E7 /* Build configuration list for PBXProject "showobj" */ = {
			isa = XCConfigurationList;
			buildConfigurations = (
				B6A209CF1E091A6F00E388E7 /* Debug */,
				B6A209D01E091A6F00E388E7 /* Release */,
			);
			defaultConfigurationIsVisible = 0;
			defaultConfigurationName = Release;
		};
		B6A209D11E091A6F00E388E7 /* Build configuration list for PBXNativeTarget "showobj" */ = {
			isa = XCConfigurationList;
			buildConfigurations = (
				B6A209D21E091A6F00E388E7 /* Debug */,
				B6A209D31E091A6F00E388E7 /* Release */,
			);
			defaultConfigurationIsVisible = 0;
			defaultConfigurationName = Release;
		};
/* End XCConfigurationList section */
	};
	rootObject = B6A209B21E091A6F00E388E7 /* Project object */;
}
